
Microsoft Visual Studio Solution File, Format Version 12.00
# Visual Studio Version 17
VisualStudioVersion = 17.3.32901.215
MinimumVisualStudioVersion = 10.0.40219.1
Project("{FAE04EC0-301F-11D3-BF4B-00C04F79EFBC}") = "Lab5", "Lab5.csproj", "{BD0FBD3C-B514-4A50-BFE1-E7438AD97BFC}"
EndProject
Global
	GlobalSection(SolutionConfigurationPlatforms) = preSolution
		Debug|Any CPU = Debug|Any CPU
		Release|Any CPU = Release|Any CPU
	EndGlobalSection
	GlobalSection(ProjectConfigurationPlatforms) = postSolution
		{BD0FBD3C-B514-4A50-BFE1-E7438AD97BFC}.Debug|Any CPU.ActiveCfg = Debug|Any CPU
		{BD0FBD3C-B514-4A50-BFE1-E7438AD97BFC}.Debug|Any CPU.Build.0 = Debug|Any CPU
		{BD0FBD3C-B514-4A50-BFE1-E7438AD97BFC}.Release|Any CPU.ActiveCfg = Release|Any CPU
		{BD0FBD3C-B514-4A50-BFE1-E7438AD97BFC}.Release|Any CPU.Build.0 = Release|Any CPU
	EndGlobalSection
	GlobalSection(SolutionProperties) = preSolution
		HideSolutionNode = FALSE
	EndGlobalSection
	GlobalSection(ExtensibilityGlobals) = postSolution
		SolutionGuid = {308F1DA3-858A-4AAA-AA89-4B18219AC9E1}
	EndGlobalSection
EndGlobal
